
Microsoft Visual Studio Solution File, Format Version 12.00
# Visual Studio Version 17
VisualStudioVersion = 17.13.35931.197 d17.13
MinimumVisualStudioVersion = 10.0.40219.1
Project("{FAE04EC0-301F-11D3-BF4B-00C04F79EFBC}") = "ALLYOUCANFIT2", "ALLYOUCANFIT2.csproj", "{7A1DD65F-1C75-460D-98FC-306EF5A63456}"
EndProject
Global
	GlobalSection(SolutionConfigurationPlatforms) = preSolution
		Debug|Any CPU = Debug|Any CPU
		Release|Any CPU = Release|Any CPU
	EndGlobalSection
	GlobalSection(ProjectConfigurationPlatforms) = postSolution
		{7A1DD65F-1C75-460D-98FC-306EF5A63456}.Debug|Any CPU.ActiveCfg = Debug|Any CPU
		{7A1DD65F-1C75-460D-98FC-306EF5A63456}.Debug|Any CPU.Build.0 = Debug|Any CPU
		{7A1DD65F-1C75-460D-98FC-306EF5A63456}.Release|Any CPU.ActiveCfg = Release|Any CPU
		{7A1DD65F-1C75-460D-98FC-306EF5A63456}.Release|Any CPU.Build.0 = Release|Any CPU
	EndGlobalSection
	GlobalSection(SolutionProperties) = preSolution
		HideSolutionNode = FALSE
	EndGlobalSection
	GlobalSection(ExtensibilityGlobals) = postSolution
		SolutionGuid = {F6691C46-804F-4A4E-AD65-9720FFD0DB13}
	EndGlobalSection
EndGlobal
